{
  "lockfileVersion": 1,
  "configVersion": 0,
  "workspaces": {
    "": {
      "name": "qazwa-scraper",
      "dependencies": {
        "dotenv": "^17.4.2",
        "playwright": "^1.62.1",
      },
      "devDependencies": {
        "npm": "^12.0.2",
      },
    },
  },
  "packages": {
    "dotenv": ["dotenv@17.4.2", "", {}, "sha512-nI4U3TottKAcAD9LLud4Cb7b2QztQMUEfHbvhTH09bqXTxnSie8WnjPALV/WMCrJZ6UV/qHJ6L03OqO3LcdYZw=="],

    "npm": ["npm@12.0.2", "", { "bin": { "npm": "bin/npm-cli.js", "npx": "bin/npx-cli.js" } }, "sha512-uIXokLlBj6FpNUTQX1PmT5pz7BlIN9QlixX+zdaSNHsd0qUXsbDLr50xzY6Sw7cJVr0uzHKDOle0swmPW/p5Qw=="],

    "playwright": ["playwright@1.63.0", "", { "dependencies": { "playwright-core": "1.63.0" }, "bin": { "playwright": "cli.js" } }, "sha512-+7ziBLidS4NaNCdt57SUDT+wYmmd5fmiQejUic/kb+YsYSCPyOOE9sebzMjNmQrsnNpDJqd4WHvV/8lfKfUDUg=="],

    "playwright-core": ["playwright-core@1.63.0", "", { "bin": { "playwright-core": "cli.js" } }, "sha512-rYCsBF/M5HjUch52bbtVONEFjv6Xu8sm8h72dNlR5bzIE1fvC/bxgspzkjSfU+MweEMmPM8KJebG6nnyxo5mCg=="],
  }
}
